// !$*UTF8*$!
{
	archiveVersion = 1;
	classes = {
	};
	objectVersion = 45;
	objects = {

/* Begin PBXBuildFile section */
		4AD8003F12A82BB700557D1F /* JSON.h in Headers */ = {isa = PBXBuildFile; fileRef = 4AD8003212A82BB700557D1F /* JSON.h */; };
		4AD8004012A82BB700557D1F /* NSObject+SBJSON.h in Headers */ = {isa = PBXBuildFile; fileRef = 4AD8003312A82BB700557D1F /* NSObject+SBJSON.h */; };
		4AD8004112A82BB700557D1F /* NSObject+SBJSON.m in Sources */ = {isa = PBXBuildFile; fileRef = 4AD8003412A82BB700557D1F /* NSObject+SBJSON.m */; };
		4AD8004212A82BB700557D1F /* NSString+SBJSON.h in Headers */ = {isa = PBXBuildFile; fileRef = 4AD8003512A82BB700557D1F /* NSString+SBJSON.h */; };
		4AD8004312A82BB700557D1F /* NSString+SBJSON.m in Sources */ = {isa = PBXBuildFile; fileRef = 4AD8003612A82BB700557D1F /* NSString+SBJSON.m */; };
		4AD8004412A82BB700557D1F /* SBJSON.h in Headers */ = {isa = PBXBuildFile; fileRef = 4AD8003712A82BB700557D1F /* SBJSON.h */; };
		4AD8004512A82BB700557D1F /* SBJSON.m in Sources */ = {isa = PBXBuildFile; fileRef = 4AD8003812A82BB700557D1F /* SBJSON.m */; };
		4AD8004612A82BB700557D1F /* SBJsonBase.h in Headers */ = {isa = PBXBuildFile; fileRef = 4AD8003912A82BB700557D1F /* SBJsonBase.h */; };
		4AD8004712A82BB700557D1F /* SBJsonBase.m in Sources */ = {isa = PBXBuildFile; fileRef = 4AD8003A12A82BB700557D1F /* SBJsonBase.m */; };
		4AD8004812A82BB700557D1F /* SBJsonParser.h in Headers */ = {isa = PBXBuildFile; fileRef = 4AD8003B12A82BB700557D1F /* SBJsonParser.h */; };
		4AD8004912A82BB700557D1F /* SBJsonParser.m in Sources */ = {isa = PBXBuildFile; fileRef = 4AD8003C12A82BB700557D1F /* SBJsonParser.m */; };
		4AD8004A12A82BB700557D1F /* SBJsonWriter.h in Headers */ = {isa = PBXBuildFile; fileRef = 4AD8003D12A82BB700557D1F /* SBJsonWriter.h */; };
		4AD8004B12A82BB700557D1F /* SBJsonWriter.m in Sources */ = {isa = PBXBuildFile; fileRef = 4AD8003E12A82BB700557D1F /* SBJsonWriter.m */; };
		AA747D9F0F9514B9006C5449 /* SBJSON_Prefix.pch in Headers */ = {isa = PBXBuildFile; fileRef = AA747D9E0F9514B9006C5449 /* SBJSON_Prefix.pch */; };
		AACBBE4A0F95108600F1A2B1 /* Foundation.framework in Frameworks */ = {isa = PBXBuildFile; fileRef = AACBBE490F95108600F1A2B1 /* Foundation.framework */; };
/* End PBXBuildFile section */

/* Begin PBXFileReference section */
		4AD8003212A82BB700557D1F /* JSON.h */ = {isa = PBXFileReference; fileEncoding = 4; lastKnownFileType = sourcecode.c.h; path = JSON.h; sourceTree = "<group>"; };
		4AD8003312A82BB700557D1F /* NSObject+SBJSON.h */ = {isa = PBXFileReference; fileEncoding = 4; lastKnownFileType = sourcecode.c.h; path = "NSObject+SBJSON.h"; sourceTree = "<group>"; };
		4AD8003412A82BB700557D1F /* NSObject+SBJSON.m */ = {isa = PBXFileReference; fileEncoding = 4; lastKnownFileType = sourcecode.c.objc; path = "NSObject+SBJSON.m"; sourceTree = "<group>"; };
		4AD8003512A82BB700557D1F /* NSString+SBJSON.h */ = {isa = PBXFileReference; fileEncoding = 4; lastKnownFileType = sourcecode.c.h; path = "NSString+SBJSON.h"; sourceTree = "<group>"; };
		4AD8003612A82BB700557D1F /* NSString+SBJSON.m */ = {isa = PBXFileReference; fileEncoding = 4; lastKnownFileType = sourcecode.c.objc; path = "NSString+SBJSON.m"; sourceTree = "<group>"; };
		4AD8003712A82BB700557D1F /* SBJSON.h */ = {isa = PBXFileReference; fileEncoding = 4; lastKnownFileType = sourcecode.c.h; path = SBJSON.h; sourceTree = "<group>"; };
		4AD8003812A82BB700557D1F /* SBJSON.m */ = {isa = PBXFileReference; fileEncoding = 4; lastKnownFileType = sourcecode.c.objc; path = SBJSON.m; sourceTree = "<group>"; };
		4AD8003912A82BB700557D1F /* SBJsonBase.h */ = {isa = PBXFileReference; fileEncoding = 4; lastKnownFileType = sourcecode.c.h; path = SBJsonBase.h; sourceTree = "<group>"; };
		4AD8003A12A82BB700557D1F /* SBJsonBase.m */ = {isa = PBXFileReference; fileEncoding = 4; lastKnownFileType = sourcecode.c.objc; path = SBJsonBase.m; sourceTree = "<group>"; };
		4AD8003B12A82BB700557D1F /* SBJsonParser.h */ = {isa = PBXFileReference; fileEncoding = 4; lastKnownFileType = sourcecode.c.h; path = SBJsonParser.h; sourceTree = "<group>"; };
		4AD8003C12A82BB700557D1F /* SBJsonParser.m */ = {isa = PBXFileReference; fileEncoding = 4; lastKnownFileType = sourcecode.c.objc; path = SBJsonParser.m; sourceTree = "<group>"; };
		4AD8003D12A82BB700557D1F /* SBJsonWriter.h */ = {isa = PBXFileReference; fileEncoding = 4; lastKnownFileType = sourcecode.c.h; path = SBJsonWriter.h; sourceTree = "<group>"; };
		4AD8003E12A82BB700557D1F /* SBJsonWriter.m */ = {isa = PBXFileReference; fileEncoding = 4; lastKnownFileType = sourcecode.c.objc; path = SBJsonWriter.m; sourceTree = "<group>"; };
		AA747D9E0F9514B9006C5449 /* SBJSON_Prefix.pch */ = {isa = PBXFileReference; fileEncoding = 4; lastKnownFileType = sourcecode.c.h; path = SBJSON_Prefix.pch; sourceTree = SOURCE_ROOT; };
		AACBBE490F95108600F1A2B1 /* Foundation.framework */ = {isa = PBXFileReference; lastKnownFileType = wrapper.framework; name = Foundation.framework; path = System/Library/Frameworks/Foundation.framework; sourceTree = SDKROOT; };
		D2AAC07E0554694100DB518D /* libSBJSON.a */ = {isa = PBXFileReference; explicitFileType = archive.ar; includeInIndex = 0; path = libSBJSON.a; sourceTree = BUILT_PRODUCTS_DIR; };
/* End PBXFileReference section */

/* Begin PBXFrameworksBuildPhase section */
		D2AAC07C0554694100DB518D /* Frameworks */ = {
			isa = PBXFrameworksBuildPhase;
			buildActionMask = 2147483647;
			files = (
				AACBBE4A0F95108600F1A2B1 /* Foundation.framework in Frameworks */,
			);
			runOnlyForDeploymentPostprocessing = 0;
		};
/* End PBXFrameworksBuildPhase section */

/* Begin PBXGroup section */
		034768DFFF38A50411DB9C8B /* Products */ = {
			isa = PBXGroup;
			children = (
				D2AAC07E0554694100DB518D /* libSBJSON.a */,
			);
			name = Products;
			sourceTree = "<group>";
		};
		0867D691FE84028FC02AAC07 /* SBJSON */ = {
			isa = PBXGroup;
			children = (
				08FB77AEFE84172EC02AAC07 /* Classes */,
				32C88DFF0371C24200C91783 /* Other Sources */,
				0867D69AFE84028FC02AAC07 /* Frameworks */,
				034768DFFF38A50411DB9C8B /* Products */,
			);
			name = SBJSON;
			sourceTree = "<group>";
		};
		0867D69AFE84028FC02AAC07 /* Frameworks */ = {
			isa = PBXGroup;
			children = (
				AACBBE490F95108600F1A2B1 /* Foundation.framework */,
			);
			name = Frameworks;
			sourceTree = "<group>";
		};
		08FB77AEFE84172EC02AAC07 /* Classes */ = {
			isa = PBXGroup;
			children = (
				4AD8003112A82BB700557D1F /* JSON */,
			);
			name = Classes;
			sourceTree = "<group>";
		};
		32C88DFF0371C24200C91783 /* Other Sources */ = {
			isa = PBXGroup;
			children = (
				AA747D9E0F9514B9006C5449 /* SBJSON_Prefix.pch */,
			);
			name = "Other Sources";
			sourceTree = "<group>";
		};
		4AD8003112A82BB700557D1F /* JSON */ = {
			isa = PBXGroup;
			children = (
				4AD8003212A82BB700557D1F /* JSON.h */,
				4AD8003312A82BB700557D1F /* NSObject+SBJSON.h */,
				4AD8003412A82BB700557D1F /* NSObject+SBJSON.m */,
				4AD8003512A82BB700557D1F /* NSString+SBJSON.h */,
				4AD8003612A82BB700557D1F /* NSString+SBJSON.m */,
				4AD8003712A82BB700557D1F /* SBJSON.h */,
				4AD8003812A82BB700557D1F /* SBJSON.m */,
				4AD8003912A82BB700557D1F /* SBJsonBase.h */,
				4AD8003A12A82BB700557D1F /* SBJsonBase.m */,
				4AD8003B12A82BB700557D1F /* SBJsonParser.h */,
				4AD8003C12A82BB700557D1F /* SBJsonParser.m */,
				4AD8003D12A82BB700557D1F /* SBJsonWriter.h */,
				4AD8003E12A82BB700557D1F /* SBJsonWriter.m */,
			);
			path = JSON;
			sourceTree = "<group>";
		};
/* End PBXGroup section */

/* Begin PBXHeadersBuildPhase section */
		D2AAC07A0554694100DB518D /* Headers */ = {
			isa = PBXHeadersBuildPhase;
			buildActionMask = 2147483647;
			files = (
				AA747D9F0F9514B9006C5449 /* SBJSON_Prefix.pch in Headers */,
				4AD8003F12A82BB700557D1F /* JSON.h in Headers */,
				4AD8004012A82BB700557D1F /* NSObject+SBJSON.h in Headers */,
				4AD8004212A82BB700557D1F /* NSString+SBJSON.h in Headers */,
				4AD8004412A82BB700557D1F /* SBJSON.h in Headers */,
				4AD8004612A82BB700557D1F /* SBJsonBase.h in Headers */,
				4AD8004812A82BB700557D1F /* SBJsonParser.h in Headers */,
				4AD8004A12A82BB700557D1F /* SBJsonWriter.h in Headers */,
			);
			runOnlyForDeploymentPostprocessing = 0;
		};
/* End PBXHeadersBuildPhase section */

/* Begin PBXNativeTarget section */
		D2AAC07D0554694100DB518D /* SBJSON */ = {
			isa = PBXNativeTarget;
			buildConfigurationList = 1DEB921E08733DC00010E9CD /* Build configuration list for PBXNativeTarget "SBJSON" */;
			buildPhases = (
				D2AAC07A0554694100DB518D /* Headers */,
				D2AAC07B0554694100DB518D /* Sources */,
				D2AAC07C0554694100DB518D /* Frameworks */,
				4AD8004F12A82BD300557D1F /* ShellScript */,
			);
			buildRules = (
			);
			dependencies = (
			);
			name = SBJSON;
			productName = SBJSON;
			productReference = D2AAC07E0554694100DB518D /* libSBJSON.a */;
			productType = "com.apple.product-type.library.static";
		};
/* End PBXNativeTarget section */

/* Begin PBXProject section */
		0867D690FE84028FC02AAC07 /* Project object */ = {
			isa = PBXProject;
			buildConfigurationList = 1DEB922208733DC00010E9CD /* Build configuration list for PBXProject "SBJSON" */;
			compatibilityVersion = "Xcode 3.1";
			developmentRegion = English;
			hasScannedForEncodings = 1;
			knownRegions = (
				English,
				Japanese,
				French,
				German,
			);
			mainGroup = 0867D691FE84028FC02AAC07 /* SBJSON */;
			productRefGroup = 034768DFFF38A50411DB9C8B /* Products */;
			projectDirPath = "";
			projectRoot = "";
			targets = (
				D2AAC07D0554694100DB518D /* SBJSON */,
			);
		};
/* End PBXProject section */

/* Begin PBXShellScriptBuildPhase section */
		4AD8004F12A82BD300557D1F /* ShellScript */ = {
			isa = PBXShellScriptBuildPhase;
			buildActionMask = 2147483647;
			files = (
			);
			inputPaths = (
			);
			outputPaths = (
			);
			runOnlyForDeploymentPostprocessing = 0;
			shellPath = /bin/sh;
			shellScript = "# Purpose:\n#   Create a static library for iPhone from within XCode\n#   Because Apple staff DELIBERATELY broke Xcode to make this impossible from the GUI (Xcode 3.2.3 specifically states this in the Release notes!)\n#   ...no, I don't understand why they did such a stupid thing either!\n#\n# Author: Adam Martin - http://twitter.com/redglassesapps\n# Based on: original script from Eonil (main changes: Eonil's script WILL NOT WORK in Xcode GUI - it WILL CRASH YOUR COMPUTER)\n#\n# More info: see this Stack Overflow question: http://stackoverflow.com/questions/3520977/build-fat-static-library-device-simulator-using-xcode-and-sdk-4\n\n\n#####################[ part 1 ]##################\n# First, work out the BASESDK version number (NB: Apple ought to report this, but they hide it)\n#    (incidental: searching for substrings in sh is a nightmare! Sob)\n\nSDK_VERSION=$(echo ${SDK_NAME} | grep -o '.\\{3\\}$')\n\n# Next, work out if we're in SIM or DEVICE\n\nif [ ${PLATFORM_NAME} = \"iphonesimulator\" ]\nthen\nOTHER_SDK_TO_BUILD=iphoneos${SDK_VERSION}\nelse\nOTHER_SDK_TO_BUILD=iphonesimulator${SDK_VERSION}\nfi\n\necho \"XCode has selected SDK: ${PLATFORM_NAME} with version: ${SDK_VERSION} (although back-targetting: ${IPHONEOS_DEPLOYMENT_TARGET})\"\necho \"...therefore, OTHER_SDK_TO_BUILD = ${OTHER_SDK_TO_BUILD}\"\n#\n#####################[ end of part 1 ]##################\n\n#####################[ part 2 ]##################\n#\n# IF this is the original invocation, invoke WHATEVER other builds are required\n#\n# Xcode is already building ONE target...\n#\n# ...but this is a LIBRARY, so Apple is wrong to set it to build just one.\n# ...we need to build ALL targets\n# ...we MUST NOT re-build the target that is ALREADY being built: Xcode WILL CRASH YOUR COMPUTER if you try this (infinite recursion!)\n#\n#\n# So: build ONLY the missing platforms/configurations.\n\nif [ \"true\" = ${ALREADYINVOKED} ]\nthen\necho \"RECURSION: I am NOT the root invocation, so I'm NOT going to recurse\"\nelse\n# CRITICAL:\n# Prevent infinite recursion (Xcode sucks)\nexport ALREADYINVOKED=\"true\"\n\necho \"RECURSION: I am the root ... recursing all missing build targets NOW...\"\necho \"RECURSION: ...about to invoke: xcodebuild -configuration \\\"${CONFIGURATION}\\\" -target \\\"${TARGET_NAME}\\\" -sdk \\\"${OTHER_SDK_TO_BUULD}\\\" ${ACTION} RUN_CLANG_STATIC_ANALYZER=NO\"\nxcodebuild -configuration \"${CONFIGURATION}\" -target \"${TARGET_NAME}\" -sdk \"${OTHER_SDK_TO_BUILD}\" ${ACTION} RUN_CLANG_STATIC_ANALYZER=NO\nfi\n\nACTION=\"build\"\n\n#Merge all platform binaries as a fat binary for each configurations.\n\nCURRENTCONFIG_DEVICE_DIR=${SYMROOT}/${CONFIGURATION}-iphoneos\nCURRENTCONFIG_SIMULATOR_DIR=${SYMROOT}/${CONFIGURATION}-iphonesimulator\nCURRENTCONFIG_UNIVERSAL_DIR=${SYMROOT}/${CONFIGURATION}-universal\n\n# ... remove the products of previous runs of this script\n#      NB: this directory is ONLY created by this script - it should be safe to delete!\n\nrm -rf \"${CURRENTCONFIG_UNIVERSAL_DIR}\"\nmkdir \"${CURRENTCONFIG_UNIVERSAL_DIR}\"\n\n#\necho \"lipo: for current configuration (${CONFIGURATION}) creating output file: ${CURRENTCONFIG_UNIVERSAL_DIR}/${EXECUTABLE_NAME}\"\nlipo -create -output \"${CURRENTCONFIG_UNIVERSAL_DIR}/${EXECUTABLE_NAME}\" \"${CURRENTCONFIG_DEVICE_DIR}/${EXECUTABLE_NAME}\" \"${CURRENTCONFIG_SIMULATOR_DIR}/${EXECUTABLE_NAME}\"\n\n#########\n#\n# Added: StackOverflow suggestion to also copy \"include\" files\n#    (untested, but should work OK)\n#\nif [ -d \"${CURRENTCONFIG_DEVICE_DIR}/usr/local/include\" ]\nthen\n  mkdir -p \"${CURRENTCONFIG_UNIVERSAL_DIR}/usr/local/include\"\n  cp \"${CURRENTCONFIG_DEVICE_DIR}\"/usr/local/include/* \"${CURRENTCONFIG_UNIVERSAL_DIR}/usr/local/include\"\nfi";
		};
/* End PBXShellScriptBuildPhase section */

/* Begin PBXSourcesBuildPhase section */
		D2AAC07B0554694100DB518D /* Sources */ = {
			isa = PBXSourcesBuildPhase;
			buildActionMask = 2147483647;
			files = (
				4AD8004112A82BB700557D1F /* NSObject+SBJSON.m in Sources */,
				4AD8004312A82BB700557D1F /* NSString+SBJSON.m in Sources */,
				4AD8004512A82BB700557D1F /* SBJSON.m in Sources */,
				4AD8004712A82BB700557D1F /* SBJsonBase.m in Sources */,
				4AD8004912A82BB700557D1F /* SBJsonParser.m in Sources */,
				4AD8004B12A82BB700557D1F /* SBJsonWriter.m in Sources */,
			);
			runOnlyForDeploymentPostprocessing = 0;
		};
/* End PBXSourcesBuildPhase section */

/* Begin XCBuildConfiguration section */
		1DEB921F08733DC00010E9CD /* Debug */ = {
			isa = XCBuildConfiguration;
			buildSettings = {
				ALWAYS_SEARCH_USER_PATHS = NO;
				ARCHS = "$(ARCHS_STANDARD_32_BIT)";
				COPY_PHASE_STRIP = NO;
				DSTROOT = /tmp/SBJSON.dst;
				GCC_DYNAMIC_NO_PIC = NO;
				GCC_ENABLE_FIX_AND_CONTINUE = YES;
				GCC_MODEL_TUNING = G5;
				GCC_OPTIMIZATION_LEVEL = 0;
				GCC_PRECOMPILE_PREFIX_HEADER = YES;
				GCC_PREFIX_HEADER = SBJSON_Prefix.pch;
				INSTALL_PATH = /usr/local/lib;
				PRODUCT_NAME = SBJSON;
			};
			name = Debug;
		};
		1DEB922008733DC00010E9CD /* Release */ = {
			isa = XCBuildConfiguration;
			buildSettings = {
				ALWAYS_SEARCH_USER_PATHS = NO;
				ARCHS = "$(ARCHS_STANDARD_32_BIT)";
				DSTROOT = /tmp/SBJSON.dst;
				GCC_MODEL_TUNING = G5;
				GCC_PRECOMPILE_PREFIX_HEADER = YES;
				GCC_PREFIX_HEADER = SBJSON_Prefix.pch;
				INSTALL_PATH = /usr/local/lib;
				PRODUCT_NAME = SBJSON;
			};
			name = Release;
		};
		1DEB922308733DC00010E9CD /* Debug */ = {
			isa = XCBuildConfiguration;
			buildSettings = {
				ARCHS = "$(ARCHS_STANDARD_32_BIT)";
				GCC_C_LANGUAGE_STANDARD = c99;
				GCC_OPTIMIZATION_LEVEL = 0;
				GCC_WARN_ABOUT_RETURN_TYPE = YES;
				GCC_WARN_UNUSED_VARIABLE = YES;
				OTHER_LDFLAGS = "-ObjC";
				PREBINDING = NO;
				SDKROOT = iphoneos;
			};
			name = Debug;
		};
		1DEB922408733DC00010E9CD /* Release */ = {
			isa = XCBuildConfiguration;
			buildSettings = {
				ARCHS = "$(ARCHS_STANDARD_32_BIT)";
				GCC_C_LANGUAGE_STANDARD = c99;
				GCC_WARN_ABOUT_RETURN_TYPE = YES;
				GCC_WARN_UNUSED_VARIABLE = YES;
				OTHER_LDFLAGS = "-ObjC";
				PREBINDING = NO;
				SDKROOT = iphoneos;
			};
			name = Release;
		};
/* End XCBuildConfiguration section */

/* Begin XCConfigurationList section */
		1DEB921E08733DC00010E9CD /* Build configuration list for PBXNativeTarget "SBJSON" */ = {
			isa = XCConfigurationList;
			buildConfigurations = (
				1DEB921F08733DC00010E9CD /* Debug */,
				1DEB922008733DC00010E9CD /* Release */,
			);
			defaultConfigurationIsVisible = 0;
			defaultConfigurationName = Release;
		};
		1DEB922208733DC00010E9CD /* Build configuration list for PBXProject "SBJSON" */ = {
			isa = XCConfigurationList;
			buildConfigurations = (
				1DEB922308733DC00010E9CD /* Debug */,
				1DEB922408733DC00010E9CD /* Release */,
			);
			defaultConfigurationIsVisible = 0;
			defaultConfigurationName = Release;
		};
/* End XCConfigurationList section */
	};
	rootObject = 0867D690FE84028FC02AAC07 /* Project object */;
}
